# THIS IS AN AUTOGENERATED FILE. DO NOT EDIT THIS FILE DIRECTLY.
# yarn lockfile v1


"@volvo-cars/css@^1.51.0":
  version "1.51.0"
  resolved "https://npm.pkg.github.com/download/@volvo-cars/css/1.51.0/6f49d495585de68c146920de1cc4360239b2f931#6f49d495585de68c146920de1cc4360239b2f931"
  integrity sha512-CsJ8+sgxufhcVEh6L5WpCUd5KQgySp0pPu34AqojqqEXkK542Q7gXxvFM04JlWXWlywL+umTYRatgLR2HTC2tA==
